
Microsoft Visual Studio Solution File, Format Version 12.00
# Visual Studio Version 16
VisualStudioVersion = 16.0.31205.134
MinimumVisualStudioVersion = 10.0.40219.1
Project("{8BC9CEB8-8B4A-11D0-8D11-00A0C91BC942}") = "SVRE9Convert", "SVRE9Convert.vcxproj", "{0AE58C09-5D63-49B3-B357-9499F01DFFC4}"
EndProject
Global
	GlobalSection(SolutionConfigurationPlatforms) = preSolution
		Debug|x64 = Debug|x64
		Debug|x86 = Debug|x86
		Release|x64 = Release|x64
		Release|x86 = Release|x86
	EndGlobalSection
	GlobalSection(ProjectConfigurationPlatforms) = postSolution
		{0AE58C09-5D63-49B3-B357-9499F01DFFC4}.Debug|x64.ActiveCfg = Debug|x64
		{0AE58C09-5D63-49B3-B357-9499F01DFFC4}.Debug|x64.Build.0 = Debug|x64
		{0AE58C09-5D63-49B3-B357-9499F01DFFC4}.Debug|x86.ActiveCfg = Debug|Win32
		{0AE58C09-5D63-49B3-B357-9499F01DFFC4}.Debug|x86.Build.0 = Debug|Win32
		{0AE58C09-5D63-49B3-B357-9499F01DFFC4}.Release|x64.ActiveCfg = Release|x64
		{0AE58C09-5D63-49B3-B357-9499F01DFFC4}.Release|x64.Build.0 = Release|x64
		{0AE58C09-5D63-49B3-B357-9499F01DFFC4}.Release|x86.ActiveCfg = Release|Win32
		{0AE58C09-5D63-49B3-B357-9499F01DFFC4}.Release|x86.Build.0 = Release|Win32
	EndGlobalSection
	GlobalSection(SolutionProperties) = preSolution
		HideSolutionNode = FALSE
	EndGlobalSection
	GlobalSection(ExtensibilityGlobals) = postSolution
		SolutionGuid = {8D3DFCD2-5931-498F-8471-1D020A6E62E7}
	EndGlobalSection
EndGlobal
